// !$*UTF8*$!
{
	archiveVersion = 1;
	classes = {
	};
	objectVersion = 50;
	objects = {

/* Begin PBXBuildFile section */
		FBA24C4E270469D4005EDA76 /* AppDelegate.swift in Sources */ = {isa = PBXBuildFile; fileRef = FBA24C4D270469D4005EDA76 /* AppDelegate.swift */; };
		FBA24C50270469D4005EDA76 /* SceneDelegate.swift in Sources */ = {isa = PBXBuildFile; fileRef = FBA24C4F270469D4005EDA76 /* SceneDelegate.swift */; };
		FBA24C52270469D4005EDA76 /* ViewController.swift in Sources */ = {isa = PBXBuildFile; fileRef = FBA24C51270469D4005EDA76 /* ViewController.swift */; };
		FBA24C55270469D4005EDA76 /* Main.storyboard in Resources */ = {isa = PBXBuildFile; fileRef = FBA24C53270469D4005EDA76 /* Main.storyboard */; };
		FBA24C57270469D8005EDA76 /* Assets.xcassets in Resources */ = {isa = PBXBuildFile; fileRef = FBA24C56270469D8005EDA76 /* Assets.xcassets */; };
		FBA24C5A270469D8005EDA76 /* LaunchScreen.storyboard in Resources */ = {isa = PBXBuildFile; fileRef = FBA24C58270469D8005EDA76 /* LaunchScreen.storyboard */; };
		FBA24C6327046A0B005EDA76 /* Model.xcdatamodeld in Sources */ = {isa = PBXBuildFile; fileRef = FBA24C6127046A0B005EDA76 /* Model.xcdatamodeld */; };
		FBA24C6527047365005EDA76 /* StudentDB.swift in Sources */ = {isa = PBXBuildFile; fileRef = FBA24C6427047365005EDA76 /* StudentDB.swift */; };
/* End PBXBuildFile section */

/* Begin PBXFileReference section */
		FBA24C4A270469D4005EDA76 /* CoreDataTest.app */ = {isa = PBXFileReference; explicitFileType = wrapper.application; includeInIndex = 0; path = CoreDataTest.app; sourceTree = BUILT_PRODUCTS_DIR; };
		FBA24C4D270469D4005EDA76 /* AppDelegate.swift */ = {isa = PBXFileReference; lastKnownFileType = sourcecode.swift; path = AppDelegate.swift; sourceTree = "<group>"; };
		FBA24C4F270469D4005EDA76 /* SceneDelegate.swift */ = {isa = PBXFileReference; lastKnownFileType = sourcecode.swift; path = SceneDelegate.swift; sourceTree = "<group>"; };
		FBA24C51270469D4005EDA76 /* ViewController.swift */ = {isa = PBXFileReference; lastKnownFileType = sourcecode.swift; path = ViewController.swift; sourceTree = "<group>"; };
		FBA24C54270469D4005EDA76 /* Base */ = {isa = PBXFileReference; lastKnownFileType = file.storyboard; name = Base; path = Base.lproj/Main.storyboard; sourceTree = "<group>"; };
		FBA24C56270469D8005EDA76 /* Assets.xcassets */ = {isa = PBXFileReference; lastKnownFileType = folder.assetcatalog; path = Assets.xcassets; sourceTree = "<group>"; };
		FBA24C59270469D8005EDA76 /* Base */ = {isa = PBXFileReference; lastKnownFileType = file.storyboard; name = Base; path = Base.lproj/LaunchScreen.storyboard; sourceTree = "<group>"; };
		FBA24C5B270469D8005EDA76 /* Info.plist */ = {isa = PBXFileReference; lastKnownFileType = text.plist.xml; path = Info.plist; sourceTree = "<group>"; };
		FBA24C6227046A0B005EDA76 /* Model.xcdatamodel */ = {isa = PBXFileReference; lastKnownFileType = wrapper.xcdatamodel; path = Model.xcdatamodel; sourceTree = "<group>"; };
		FBA24C6427047365005EDA76 /* StudentDB.swift */ = {isa = PBXFileReference; lastKnownFileType = sourcecode.swift; path = StudentDB.swift; sourceTree = "<group>"; };
/* End PBXFileReference section */

/* Begin PBXFrameworksBuildPhase section */
		FBA24C47270469D4005EDA76 /* Frameworks */ = {
			isa = PBXFrameworksBuildPhase;
			buildActionMask = 2147483647;
			files = (
			);
			runOnlyForDeploymentPostprocessing = 0;
		};
/* End PBXFrameworksBuildPhase section */

/* Begin PBXGroup section */
		FBA24C41270469D4005EDA76 = {
			isa = PBXGroup;
			children = (
				FBA24C4C270469D4005EDA76 /* CoreDataTest */,
				FBA24C4B270469D4005EDA76 /* Products */,
			);
			sourceTree = "<group>";
		};
		FBA24C4B270469D4005EDA76 /* Products */ = {
			isa = PBXGroup;
			children = (
				FBA24C4A270469D4005EDA76 /* CoreDataTest.app */,
			);
			name = Products;
			sourceTree = "<group>";
		};
		FBA24C4C270469D4005EDA76 /* CoreDataTest */ = {
			isa = PBXGroup;
			children = (
				FBA24C4D270469D4005EDA76 /* AppDelegate.swift */,
				FBA24C4F270469D4005EDA76 /* SceneDelegate.swift */,
				FBA24C51270469D4005EDA76 /* ViewController.swift */,
				FBA24C53270469D4005EDA76 /* Main.storyboard */,
				FBA24C56270469D8005EDA76 /* Assets.xcassets */,
				FBA24C58270469D8005EDA76 /* LaunchScreen.storyboard */,
				FBA24C5B270469D8005EDA76 /* Info.plist */,
				FBA24C6127046A0B005EDA76 /* Model.xcdatamodeld */,
				FBA24C6427047365005EDA76 /* StudentDB.swift */,
			);
			path = CoreDataTest;
			sourceTree = "<group>";
		};
/* End PBXGroup section */

/* Begin PBXNativeTarget section */
		FBA24C49270469D4005EDA76 /* CoreDataTest */ = {
			isa = PBXNativeTarget;
			buildConfigurationList = FBA24C5E270469D8005EDA76 /* Build configuration list for PBXNativeTarget "CoreDataTest" */;
			buildPhases = (
				FBA24C46270469D4005EDA76 /* Sources */,
				FBA24C47270469D4005EDA76 /* Frameworks */,
				FBA24C48270469D4005EDA76 /* Resources */,
			);
			buildRules = (
			);
			dependencies = (
			);
			name = CoreDataTest;
			productName = CoreDataTest;
			productReference = FBA24C4A270469D4005EDA76 /* CoreDataTest.app */;
			productType = "com.apple.product-type.application";
		};
/* End PBXNativeTarget section */

/* Begin PBXProject section */
		FBA24C42270469D4005EDA76 /* Project object */ = {
			isa = PBXProject;
			attributes = {
				LastSwiftUpdateCheck = 1250;
				LastUpgradeCheck = 1250;
				TargetAttributes = {
					FBA24C49270469D4005EDA76 = {
						CreatedOnToolsVersion = 12.5;
					};
				};
			};
			buildConfigurationList = FBA24C45270469D4005EDA76 /* Build configuration list for PBXProject "CoreDataTest" */;
			compatibilityVersion = "Xcode 9.3";
			developmentRegion = en;
			hasScannedForEncodings = 0;
			knownRegions = (
				en,
				Base,
			);
			mainGroup = FBA24C41270469D4005EDA76;
			productRefGroup = FBA24C4B270469D4005EDA76 /* Products */;
			projectDirPath = "";
			projectRoot = "";
			targets = (
				FBA24C49270469D4005EDA76 /* CoreDataTest */,
			);
		};
/* End PBXProject section */

/* Begin PBXResourcesBuildPhase section */
		FBA24C48270469D4005EDA76 /* Resources */ = {
			isa = PBXResourcesBuildPhase;
			buildActionMask = 2147483647;
			files = (
				FBA24C5A270469D8005EDA76 /* LaunchScreen.storyboard in Resources */,
				FBA24C57270469D8005EDA76 /* Assets.xcassets in Resources */,
				FBA24C55270469D4005EDA76 /* Main.storyboard in Resources */,
			);
			runOnlyForDeploymentPostprocessing = 0;
		};
/* End PBXResourcesBuildPhase section */

/* Begin PBXSourcesBuildPhase section */
		FBA24C46270469D4005EDA76 /* Sources */ = {
			isa = PBXSourcesBuildPhase;
			buildActionMask = 2147483647;
			files = (
				FBA24C52270469D4005EDA76 /* ViewController.swift in Sources */,
				FBA24C4E270469D4005EDA76 /* AppDelegate.swift in Sources */,
				FBA24C50270469D4005EDA76 /* SceneDelegate.swift in Sources */,
				FBA24C6527047365005EDA76 /* StudentDB.swift in Sources */,
				FBA24C6327046A0B005EDA76 /* Model.xcdatamodeld in Sources */,
			);
			runOnlyForDeploymentPostprocessing = 0;
		};
/* End PBXSourcesBuildPhase section */

/* Begin PBXVariantGroup section */
		FBA24C53270469D4005EDA76 /* Main.storyboard */ = {
			isa = PBXVariantGroup;
			children = (
				FBA24C54270469D4005EDA76 /* Base */,
			);
			name = Main.storyboard;
			sourceTree = "<group>";
		};
		FBA24C58270469D8005EDA76 /* LaunchScreen.storyboard */ = {
			isa = PBXVariantGroup;
			children = (
				FBA24C59270469D8005EDA76 /* Base */,
			);
			name = LaunchScreen.storyboard;
			sourceTree = "<group>";
		};
/* End PBXVariantGroup section */

/* Begin XCBuildConfiguration section */
		FBA24C5C270469D8005EDA76 /* Debug */ = {
			isa = XCBuildConfiguration;
			buildSettings = {
				ALWAYS_SEARCH_USER_PATHS = NO;
				CLANG_ANALYZER_NONNULL = YES;
				CLANG_ANALYZER_NUMBER_OBJECT_CONVERSION = YES_AGGRESSIVE;
				CLANG_CXX_LANGUAGE_STANDARD = "gnu++14";
				CLANG_CXX_LIBRARY = "libc++";
				CLANG_ENABLE_MODULES = YES;
				CLANG_ENABLE_OBJC_ARC = YES;
				CLANG_ENABLE_OBJC_WEAK = YES;
				CLANG_WARN_BLOCK_CAPTURE_AUTORELEASING = YES;
				CLANG_WARN_BOOL_CONVERSION = YES;
				CLANG_WARN_COMMA = YES;
				CLANG_WARN_CONSTANT_CONVERSION = YES;
				CLANG_WARN_DEPRECATED_OBJC_IMPLEMENTATIONS = YES;
				CLANG_WARN_DIRECT_OBJC_ISA_USAGE = YES_ERROR;
				CLANG_WARN_DOCUMENTATION_COMMENTS = YES;
				CLANG_WARN_EMPTY_BODY = YES;
				CLANG_WARN_ENUM_CONVERSION = YES;
				CLANG_WARN_INFINITE_RECURSION = YES;
				CLANG_WARN_INT_CONVERSION = YES;
				CLANG_WARN_NON_LITERAL_NULL_CONVERSION = YES;
				CLANG_WARN_OBJC_IMPLICIT_RETAIN_SELF = YES;
				CLANG_WARN_OBJC_LITERAL_CONVERSION = YES;
				CLANG_WARN_OBJC_ROOT_CLASS = YES_ERROR;
				CLANG_WARN_QUOTED_INCLUDE_IN_FRAMEWORK_HEADER = YES;
				CLANG_WARN_RANGE_LOOP_ANALYSIS = YES;
				CLANG_WARN_STRICT_PROTOTYPES = YES;
				CLANG_WARN_SUSPICIOUS_MOVE = YES;
				CLANG_WARN_UNGUARDED_AVAILABILITY = YES_AGGRESSIVE;
				CLANG_WARN_UNREACHABLE_CODE = YES;
				CLANG_WARN__DUPLICATE_METHOD_MATCH = YES;
				COPY_PHASE_STRIP = NO;
				DEBUG_INFORMATION_FORMAT = dwarf;
				ENABLE_STRICT_OBJC_MSGSEND = YES;
				ENABLE_TESTABILITY = YES;
				GCC_C_LANGUAGE_STANDARD = gnu11;
				GCC_DYNAMIC_NO_PIC = NO;
				GCC_NO_COMMON_BLOCKS = YES;
				GCC_OPTIMIZATION_LEVEL = 0;
				GCC_PREPROCESSOR_DEFINITIONS = (
					"DEBUG=1",
					"$(inherited)",
				);
				GCC_WARN_64_TO_32_BIT_CONVERSION = YES;
				GCC_WARN_ABOUT_RETURN_TYPE = YES_ERROR;
				GCC_WARN_UNDECLARED_SELECTOR = YES;
				GCC_WARN_UNINITIALIZED_AUTOS = YES_AGGRESSIVE;
				GCC_WARN_UNUSED_FUNCTION = YES;
				GCC_WARN_UNUSED_VARIABLE = YES;
				IPHONEOS_DEPLOYMENT_TARGET = 14.5;
				MTL_ENABLE_DEBUG_INFO = INCLUDE_SOURCE;
				MTL_FAST_MATH = YES;
				ONLY_ACTIVE_ARCH = YES;
				SDKROOT = iphoneos;
				SWIFT_ACTIVE_COMPILATION_CONDITIONS = DEBUG;
				SWIFT_OPTIMIZATION_LEVEL = "-Onone";
			};
			name = Debug;
		};
		FBA24C5D270469D8005EDA76 /* Release */ = {
			isa = XCBuildConfiguration;
			buildSettings = {
				ALWAYS_SEARCH_USER_PATHS = NO;
				CLANG_ANALYZER_NONNULL = YES;
				CLANG_ANALYZER_NUMBER_OBJECT_CONVERSION = YES_AGGRESSIVE;
				CLANG_CXX_LANGUAGE_STANDARD = "gnu++14";
				CLANG_CXX_LIBRARY = "libc++";
				CLANG_ENABLE_MODULES = YES;
				CLANG_ENABLE_OBJC_ARC = YES;
				CLANG_ENABLE_OBJC_WEAK = YES;
				CLANG_WARN_BLOCK_CAPTURE_AUTORELEASING = YES;
				CLANG_WARN_BOOL_CONVERSION = YES;
				CLANG_WARN_COMMA = YES;
				CLANG_WARN_CONSTANT_CONVERSION = YES;
				CLANG_WARN_DEPRECATED_OBJC_IMPLEMENTATIONS = YES;
				CLANG_WARN_DIRECT_OBJC_ISA_USAGE = YES_ERROR;
				CLANG_WARN_DOCUMENTATION_COMMENTS = YES;
				CLANG_WARN_EMPTY_BODY = YES;
				CLANG_WARN_ENUM_CONVERSION = YES;
				CLANG_WARN_INFINITE_RECURSION = YES;
				CLANG_WARN_INT_CONVERSION = YES;
				CLANG_WARN_NON_LITERAL_NULL_CONVERSION = YES;
				CLANG_WARN_OBJC_IMPLICIT_RETAIN_SELF = YES;
				CLANG_WARN_OBJC_LITERAL_CONVERSION = YES;
				CLANG_WARN_OBJC_ROOT_CLASS = YES_ERROR;
				CLANG_WARN_QUOTED_INCLUDE_IN_FRAMEWORK_HEADER = YES;
				CLANG_WARN_RANGE_LOOP_ANALYSIS = YES;
				CLANG_WARN_STRICT_PROTOTYPES = YES;
				CLANG_WARN_SUSPICIOUS_MOVE = YES;
				CLANG_WARN_UNGUARDED_AVAILABILITY = YES_AGGRESSIVE;
				CLANG_WARN_UNREACHABLE_CODE = YES;
				CLANG_WARN__DUPLICATE_METHOD_MATCH = YES;
				COPY_PHASE_STRIP = NO;
				DEBUG_INFORMATION_FORMAT = "dwarf-with-dsym";
				ENABLE_NS_ASSERTIONS = NO;
				ENABLE_STRICT_OBJC_MSGSEND = YES;
				GCC_C_LANGUAGE_STANDARD = gnu11;
				GCC_NO_COMMON_BLOCKS = YES;
				GCC_WARN_64_TO_32_BIT_CONVERSION = YES;
				GCC_WARN_ABOUT_RETURN_TYPE = YES_ERROR;
				GCC_WARN_UNDECLARED_SELECTOR = YES;
				GCC_WARN_UNINITIALIZED_AUTOS = YES_AGGRESSIVE;
				GCC_WARN_UNUSED_FUNCTION = YES;
				GCC_WARN_UNUSED_VARIABLE = YES;
				IPHONEOS_DEPLOYMENT_TARGET = 14.5;
				MTL_ENABLE_DEBUG_INFO = NO;
				MTL_FAST_MATH = YES;
				SDKROOT = iphoneos;
				SWIFT_COMPILATION_MODE = wholemodule;
				SWIFT_OPTIMIZATION_LEVEL = "-O";
				VALIDATE_PRODUCT = YES;
			};
			name = Release;
		};
		FBA24C5F270469D8005EDA76 /* Debug */ = {
			isa = XCBuildConfiguration;
			buildSettings = {
				ASSETCATALOG_COMPILER_APPICON_NAME = AppIcon;
				ASSETCATALOG_COMPILER_GLOBAL_ACCENT_COLOR_NAME = AccentColor;
				CODE_SIGN_STYLE = Automatic;
				DEVELOPMENT_TEAM = G9C27SR9Z2;
				INFOPLIST_FILE = CoreDataTest/Info.plist;
				IPHONEOS_DEPLOYMENT_TARGET = 14.5;
				LD_RUNPATH_SEARCH_PATHS = (
					"$(inherited)",
					"@executable_path/Frameworks",
				);
				PRODUCT_BUNDLE_IDENTIFIER = com.yaochufa.CoreDataTest;
				PRODUCT_NAME = "$(TARGET_NAME)";
				SWIFT_VERSION = 5.0;
				TARGETED_DEVICE_FAMILY = "1,2";
			};
			name = Debug;
		};
		FBA24C60270469D8005EDA76 /* Release */ = {
			isa = XCBuildConfiguration;
			buildSettings = {
				ASSETCATALOG_COMPILER_APPICON_NAME = AppIcon;
				ASSETCATALOG_COMPILER_GLOBAL_ACCENT_COLOR_NAME = AccentColor;
				CODE_SIGN_STYLE = Automatic;
				DEVELOPMENT_TEAM = G9C27SR9Z2;
				INFOPLIST_FILE = CoreDataTest/Info.plist;
				IPHONEOS_DEPLOYMENT_TARGET = 14.5;
				LD_RUNPATH_SEARCH_PATHS = (
					"$(inherited)",
					"@executable_path/Frameworks",
				);
				PRODUCT_BUNDLE_IDENTIFIER = com.yaochufa.CoreDataTest;
				PRODUCT_NAME = "$(TARGET_NAME)";
				SWIFT_VERSION = 5.0;
				TARGETED_DEVICE_FAMILY = "1,2";
			};
			name = Release;
		};
/* End XCBuildConfiguration section */

/* Begin XCConfigurationList section */
		FBA24C45270469D4005EDA76 /* Build configuration list for PBXProject "CoreDataTest" */ = {
			isa = XCConfigurationList;
			buildConfigurations = (
				FBA24C5C270469D8005EDA76 /* Debug */,
				FBA24C5D270469D8005EDA76 /* Release */,
			);
			defaultConfigurationIsVisible = 0;
			defaultConfigurationName = Release;
		};
		FBA24C5E270469D8005EDA76 /* Build configuration list for PBXNativeTarget "CoreDataTest" */ = {
			isa = XCConfigurationList;
			buildConfigurations = (
				FBA24C5F270469D8005EDA76 /* Debug */,
				FBA24C60270469D8005EDA76 /* Release */,
			);
			defaultConfigurationIsVisible = 0;
			defaultConfigurationName = Release;
		};
/* End XCConfigurationList section */

/* Begin XCVersionGroup section */
		FBA24C6127046A0B005EDA76 /* Model.xcdatamodeld */ = {
			isa = XCVersionGroup;
			children = (
				FBA24C6227046A0B005EDA76 /* Model.xcdatamodel */,
			);
			currentVersion = FBA24C6227046A0B005EDA76 /* Model.xcdatamodel */;
			path = Model.xcdatamodeld;
			sourceTree = "<group>";
			versionGroupType = wrapper.xcdatamodel;
		};
/* End XCVersionGroup section */
	};
	rootObject = FBA24C42270469D4005EDA76 /* Project object */;
}
